// !$*UTF8*$!
{
	archiveVersion = 1;
	classes = {
	};
	objectVersion = 46;
	objects = {

/* Begin PBXBuildFile section */
		51495B291E9D6202005E911D /* EntityManager.swift in Sources */ = {isa = PBXBuildFile; fileRef = 51495B281E9D6202005E911D /* EntityManager.swift */; };
		51641A7B1E9778D10061C04B /* AppDelegate.swift in Sources */ = {isa = PBXBuildFile; fileRef = 51641A7A1E9778D10061C04B /* AppDelegate.swift */; };
		51641A7D1E9778D10061C04B /* art.scnassets in Resources */ = {isa = PBXBuildFile; fileRef = 51641A7C1E9778D10061C04B /* art.scnassets */; };
		51641A7F1E9778D10061C04B /* GameViewController.swift in Sources */ = {isa = PBXBuildFile; fileRef = 51641A7E1E9778D10061C04B /* GameViewController.swift */; };
		51641A821E9778D10061C04B /* Main.storyboard in Resources */ = {isa = PBXBuildFile; fileRef = 51641A801E9778D10061C04B /* Main.storyboard */; };
		51641A841E9778D10061C04B /* Assets.xcassets in Resources */ = {isa = PBXBuildFile; fileRef = 51641A831E9778D10061C04B /* Assets.xcassets */; };
		51641A871E9778D10061C04B /* LaunchScreen.storyboard in Resources */ = {isa = PBXBuildFile; fileRef = 51641A851E9778D10061C04B /* LaunchScreen.storyboard */; };
		51641A8F1E9779940061C04B /* Utility.swift in Sources */ = {isa = PBXBuildFile; fileRef = 51641A8E1E9779940061C04B /* Utility.swift */; };
		5198CD171EA13C3500AB448D /* MoveBehaviour.swift in Sources */ = {isa = PBXBuildFile; fileRef = 5198CD161EA13C3500AB448D /* MoveBehaviour.swift */; };
		5198CD191EA1432A00AB448D /* MoveComponent.swift in Sources */ = {isa = PBXBuildFile; fileRef = 5198CD181EA1432A00AB448D /* MoveComponent.swift */; };
		51E664671E98BE420045E96D /* Shapes.swift in Sources */ = {isa = PBXBuildFile; fileRef = 51E664661E98BE420045E96D /* Shapes.swift */; };
		51E6646C1E9AE5560045E96D /* Spice.scnp in Resources */ = {isa = PBXBuildFile; fileRef = 51E6646A1E9AE5560045E96D /* Spice.scnp */; };
		51E6646D1E9AE5560045E96D /* spark.png in Resources */ = {isa = PBXBuildFile; fileRef = 51E6646B1E9AE5560045E96D /* spark.png */; };
		51E6646F1E9CAD170045E96D /* NodeComponent.swift in Sources */ = {isa = PBXBuildFile; fileRef = 51E6646E1E9CAD170045E96D /* NodeComponent.swift */; };
		51E664731E9CB0500045E96D /* Player.swift in Sources */ = {isa = PBXBuildFile; fileRef = 51E664721E9CB0500045E96D /* Player.swift */; };
		51E664751E9DC7380045E96D /* GameScene.swift in Sources */ = {isa = PBXBuildFile; fileRef = 51E664741E9DC7380045E96D /* GameScene.swift */; };
		51E664771E9DCA7B0045E96D /* Enemy.swift in Sources */ = {isa = PBXBuildFile; fileRef = 51E664761E9DCA7B0045E96D /* Enemy.swift */; };
		51E664791E9DCF970045E96D /* TeamComponent.swift in Sources */ = {isa = PBXBuildFile; fileRef = 51E664781E9DCF970045E96D /* TeamComponent.swift */; };
		51E6647B1E9DD4F50045E96D /* ActorComponent.swift in Sources */ = {isa = PBXBuildFile; fileRef = 51E6647A1E9DD4F50045E96D /* ActorComponent.swift */; };
		51E6647D1E9DE8070045E96D /* Minion.swift in Sources */ = {isa = PBXBuildFile; fileRef = 51E6647C1E9DE8070045E96D /* Minion.swift */; };
/* End PBXBuildFile section */

/* Begin PBXFileReference section */
		51495B281E9D6202005E911D /* EntityManager.swift */ = {isa = PBXFileReference; fileEncoding = 4; lastKnownFileType = sourcecode.swift; path = EntityManager.swift; sourceTree = "<group>"; };
		51641A771E9778D10061C04B /* GLplayground.app */ = {isa = PBXFileReference; explicitFileType = wrapper.application; includeInIndex = 0; path = GLplayground.app; sourceTree = BUILT_PRODUCTS_DIR; };
		51641A7A1E9778D10061C04B /* AppDelegate.swift */ = {isa = PBXFileReference; lastKnownFileType = sourcecode.swift; path = AppDelegate.swift; sourceTree = "<group>"; };
		51641A7C1E9778D10061C04B /* art.scnassets */ = {isa = PBXFileReference; lastKnownFileType = wrapper.scnassets; path = art.scnassets; sourceTree = "<group>"; };
		51641A7E1E9778D10061C04B /* GameViewController.swift */ = {isa = PBXFileReference; lastKnownFileType = sourcecode.swift; path = GameViewController.swift; sourceTree = "<group>"; };
		51641A811E9778D10061C04B /* Base */ = {isa = PBXFileReference; lastKnownFileType = file.storyboard; name = Base; path = Base.lproj/Main.storyboard; sourceTree = "<group>"; };
		51641A831E9778D10061C04B /* Assets.xcassets */ = {isa = PBXFileReference; lastKnownFileType = folder.assetcatalog; path = Assets.xcassets; sourceTree = "<group>"; };
		51641A861E9778D10061C04B /* Base */ = {isa = PBXFileReference; lastKnownFileType = file.storyboard; name = Base; path = Base.lproj/LaunchScreen.storyboard; sourceTree = "<group>"; };
		51641A881E9778D10061C04B /* Info.plist */ = {isa = PBXFileReference; lastKnownFileType = text.plist.xml; path = Info.plist; sourceTree = "<group>"; };
		51641A8E1E9779940061C04B /* Utility.swift */ = {isa = PBXFileReference; fileEncoding = 4; lastKnownFileType = sourcecode.swift; path = Utility.swift; sourceTree = "<group>"; };
		5198CD161EA13C3500AB448D /* MoveBehaviour.swift */ = {isa = PBXFileReference; fileEncoding = 4; lastKnownFileType = sourcecode.swift; path = MoveBehaviour.swift; sourceTree = "<group>"; };
		5198CD181EA1432A00AB448D /* MoveComponent.swift */ = {isa = PBXFileReference; fileEncoding = 4; lastKnownFileType = sourcecode.swift; path = MoveComponent.swift; sourceTree = "<group>"; };
		51E664661E98BE420045E96D /* Shapes.swift */ = {isa = PBXFileReference; fileEncoding = 4; lastKnownFileType = sourcecode.swift; path = Shapes.swift; sourceTree = "<group>"; };
		51E6646A1E9AE5560045E96D /* Spice.scnp */ = {isa = PBXFileReference; lastKnownFileType = file.scp; path = Spice.scnp; sourceTree = "<group>"; };
		51E6646B1E9AE5560045E96D /* spark.png */ = {isa = PBXFileReference; lastKnownFileType = image.png; path = spark.png; sourceTree = "<group>"; };
		51E6646E1E9CAD170045E96D /* NodeComponent.swift */ = {isa = PBXFileReference; fileEncoding = 4; lastKnownFileType = sourcecode.swift; path = NodeComponent.swift; sourceTree = "<group>"; };
		51E664721E9CB0500045E96D /* Player.swift */ = {isa = PBXFileReference; fileEncoding = 4; lastKnownFileType = sourcecode.swift; path = Player.swift; sourceTree = "<group>"; };
		51E664741E9DC7380045E96D /* GameScene.swift */ = {isa = PBXFileReference; fileEncoding = 4; lastKnownFileType = sourcecode.swift; path = GameScene.swift; sourceTree = "<group>"; };
		51E664761E9DCA7B0045E96D /* Enemy.swift */ = {isa = PBXFileReference; fileEncoding = 4; lastKnownFileType = sourcecode.swift; path = Enemy.swift; sourceTree = "<group>"; };
		51E664781E9DCF970045E96D /* TeamComponent.swift */ = {isa = PBXFileReference; fileEncoding = 4; lastKnownFileType = sourcecode.swift; path = TeamComponent.swift; sourceTree = "<group>"; };
		51E6647A1E9DD4F50045E96D /* ActorComponent.swift */ = {isa = PBXFileReference; fileEncoding = 4; lastKnownFileType = sourcecode.swift; path = ActorComponent.swift; sourceTree = "<group>"; };
		51E6647C1E9DE8070045E96D /* Minion.swift */ = {isa = PBXFileReference; fileEncoding = 4; lastKnownFileType = sourcecode.swift; path = Minion.swift; sourceTree = "<group>"; };
/* End PBXFileReference section */

/* Begin PBXFrameworksBuildPhase section */
		51641A741E9778D10061C04B /* Frameworks */ = {
			isa = PBXFrameworksBuildPhase;
			buildActionMask = 2147483647;
			files = (
			);
			runOnlyForDeploymentPostprocessing = 0;
		};
/* End PBXFrameworksBuildPhase section */

/* Begin PBXGroup section */
		51641A6E1E9778D10061C04B = {
			isa = PBXGroup;
			children = (
				51641A791E9778D10061C04B /* GLplayground */,
				51641A781E9778D10061C04B /* Products */,
			);
			sourceTree = "<group>";
		};
		51641A781E9778D10061C04B /* Products */ = {
			isa = PBXGroup;
			children = (
				51641A771E9778D10061C04B /* GLplayground.app */,
			);
			name = Products;
			sourceTree = "<group>";
		};
		51641A791E9778D10061C04B /* GLplayground */ = {
			isa = PBXGroup;
			children = (
				51641A7A1E9778D10061C04B /* AppDelegate.swift */,
				51641A7C1E9778D10061C04B /* art.scnassets */,
				51641A7E1E9778D10061C04B /* GameViewController.swift */,
				51641A8E1E9779940061C04B /* Utility.swift */,
				51641A801E9778D10061C04B /* Main.storyboard */,
				51641A831E9778D10061C04B /* Assets.xcassets */,
				51641A851E9778D10061C04B /* LaunchScreen.storyboard */,
				51641A881E9778D10061C04B /* Info.plist */,
				51E664741E9DC7380045E96D /* GameScene.swift */,
				51E664661E98BE420045E96D /* Shapes.swift */,
				51E6646A1E9AE5560045E96D /* Spice.scnp */,
				51E6646B1E9AE5560045E96D /* spark.png */,
				51E664721E9CB0500045E96D /* Player.swift */,
				51E664761E9DCA7B0045E96D /* Enemy.swift */,
				51E6647C1E9DE8070045E96D /* Minion.swift */,
				51495B281E9D6202005E911D /* EntityManager.swift */,
				51E6646E1E9CAD170045E96D /* NodeComponent.swift */,
				51E664781E9DCF970045E96D /* TeamComponent.swift */,
				51E6647A1E9DD4F50045E96D /* ActorComponent.swift */,
				5198CD161EA13C3500AB448D /* MoveBehaviour.swift */,
				5198CD181EA1432A00AB448D /* MoveComponent.swift */,
			);
			path = GLplayground;
			sourceTree = "<group>";
		};
/* End PBXGroup section */

/* Begin PBXNativeTarget section */
		51641A761E9778D10061C04B /* GLplayground */ = {
			isa = PBXNativeTarget;
			buildConfigurationList = 51641A8B1E9778D10061C04B /* Build configuration list for PBXNativeTarget "GLplayground" */;
			buildPhases = (
				51641A731E9778D10061C04B /* Sources */,
				51641A741E9778D10061C04B /* Frameworks */,
				51641A751E9778D10061C04B /* Resources */,
			);
			buildRules = (
			);
			dependencies = (
			);
			name = GLplayground;
			productName = GLplayground;
			productReference = 51641A771E9778D10061C04B /* GLplayground.app */;
			productType = "com.apple.product-type.application";
		};
/* End PBXNativeTarget section */

/* Begin PBXProject section */
		51641A6F1E9778D10061C04B /* Project object */ = {
			isa = PBXProject;
			attributes = {
				LastSwiftUpdateCheck = 0830;
				LastUpgradeCheck = 0830;
				ORGANIZATIONNAME = "Terna Kpamber";
				TargetAttributes = {
					51641A761E9778D10061C04B = {
						CreatedOnToolsVersion = 8.3;
						DevelopmentTeam = XPY4SPXRZE;
						ProvisioningStyle = Automatic;
					};
				};
			};
			buildConfigurationList = 51641A721E9778D10061C04B /* Build configuration list for PBXProject "GLplayground" */;
			compatibilityVersion = "Xcode 3.2";
			developmentRegion = English;
			hasScannedForEncodings = 0;
			knownRegions = (
				en,
				Base,
			);
			mainGroup = 51641A6E1E9778D10061C04B;
			productRefGroup = 51641A781E9778D10061C04B /* Products */;
			projectDirPath = "";
			projectRoot = "";
			targets = (
				51641A761E9778D10061C04B /* GLplayground */,
			);
		};
/* End PBXProject section */

/* Begin PBXResourcesBuildPhase section */
		51641A751E9778D10061C04B /* Resources */ = {
			isa = PBXResourcesBuildPhase;
			buildActionMask = 2147483647;
			files = (
				51641A7D1E9778D10061C04B /* art.scnassets in Resources */,
				51E6646D1E9AE5560045E96D /* spark.png in Resources */,
				51641A871E9778D10061C04B /* LaunchScreen.storyboard in Resources */,
				51641A841E9778D10061C04B /* Assets.xcassets in Resources */,
				51E6646C1E9AE5560045E96D /* Spice.scnp in Resources */,
				51641A821E9778D10061C04B /* Main.storyboard in Resources */,
			);
			runOnlyForDeploymentPostprocessing = 0;
		};
/* End PBXResourcesBuildPhase section */

/* Begin PBXSourcesBuildPhase section */
		51641A731E9778D10061C04B /* Sources */ = {
			isa = PBXSourcesBuildPhase;
			buildActionMask = 2147483647;
			files = (
				5198CD191EA1432A00AB448D /* MoveComponent.swift in Sources */,
				51641A7F1E9778D10061C04B /* GameViewController.swift in Sources */,
				51641A7B1E9778D10061C04B /* AppDelegate.swift in Sources */,
				51E664671E98BE420045E96D /* Shapes.swift in Sources */,
				51E664751E9DC7380045E96D /* GameScene.swift in Sources */,
				51E664791E9DCF970045E96D /* TeamComponent.swift in Sources */,
				51E6647D1E9DE8070045E96D /* Minion.swift in Sources */,
				51641A8F1E9779940061C04B /* Utility.swift in Sources */,
				51E6647B1E9DD4F50045E96D /* ActorComponent.swift in Sources */,
				51E664731E9CB0500045E96D /* Player.swift in Sources */,
				5198CD171EA13C3500AB448D /* MoveBehaviour.swift in Sources */,
				51E664771E9DCA7B0045E96D /* Enemy.swift in Sources */,
				51495B291E9D6202005E911D /* EntityManager.swift in Sources */,
				51E6646F1E9CAD170045E96D /* NodeComponent.swift in Sources */,
			);
			runOnlyForDeploymentPostprocessing = 0;
		};
/* End PBXSourcesBuildPhase section */

/* Begin PBXVariantGroup section */
		51641A801E9778D10061C04B /* Main.storyboard */ = {
			isa = PBXVariantGroup;
			children = (
				51641A811E9778D10061C04B /* Base */,
			);
			name = Main.storyboard;
			sourceTree = "<group>";
		};
		51641A851E9778D10061C04B /* LaunchScreen.storyboard */ = {
			isa = PBXVariantGroup;
			children = (
				51641A861E9778D10061C04B /* Base */,
			);
			name = LaunchScreen.storyboard;
			sourceTree = "<group>";
		};
/* End PBXVariantGroup section */

/* Begin XCBuildConfiguration section */
		51641A891E9778D10061C04B /* Debug */ = {
			isa = XCBuildConfiguration;
			buildSettings = {
				ALWAYS_SEARCH_USER_PATHS = NO;
				CLANG_ANALYZER_NONNULL = YES;
				CLANG_ANALYZER_NUMBER_OBJECT_CONVERSION = YES_AGGRESSIVE;
				CLANG_CXX_LANGUAGE_STANDARD = "gnu++0x";
				CLANG_CXX_LIBRARY = "libc++";
				CLANG_ENABLE_MODULES = YES;
				CLANG_ENABLE_OBJC_ARC = YES;
				CLANG_WARN_BOOL_CONVERSION = YES;
				CLANG_WARN_CONSTANT_CONVERSION = YES;
				CLANG_WARN_DIRECT_OBJC_ISA_USAGE = YES_ERROR;
				CLANG_WARN_DOCUMENTATION_COMMENTS = YES;
				CLANG_WARN_EMPTY_BODY = YES;
				CLANG_WARN_ENUM_CONVERSION = YES;
				CLANG_WARN_INFINITE_RECURSION = YES;
				CLANG_WARN_INT_CONVERSION = YES;
				CLANG_WARN_OBJC_ROOT_CLASS = YES_ERROR;
				CLANG_WARN_SUSPICIOUS_MOVE = YES;
				CLANG_WARN_UNREACHABLE_CODE = YES;
				CLANG_WARN__DUPLICATE_METHOD_MATCH = YES;
				"CODE_SIGN_IDENTITY[sdk=iphoneos*]" = "iPhone Developer";
				COPY_PHASE_STRIP = NO;
				DEBUG_INFORMATION_FORMAT = dwarf;
				ENABLE_STRICT_OBJC_MSGSEND = YES;
				ENABLE_TESTABILITY = YES;
				GCC_C_LANGUAGE_STANDARD = gnu99;
				GCC_DYNAMIC_NO_PIC = NO;
				GCC_NO_COMMON_BLOCKS = YES;
				GCC_OPTIMIZATION_LEVEL = 0;
				GCC_PREPROCESSOR_DEFINITIONS = (
					"DEBUG=1",
					"$(inherited)",
				);
				GCC_WARN_64_TO_32_BIT_CONVERSION = YES;
				GCC_WARN_ABOUT_RETURN_TYPE = YES_ERROR;
				GCC_WARN_UNDECLARED_SELECTOR = YES;
				GCC_WARN_UNINITIALIZED_AUTOS = YES_AGGRESSIVE;
				GCC_WARN_UNUSED_FUNCTION = YES;
				GCC_WARN_UNUSED_VARIABLE = YES;
				IPHONEOS_DEPLOYMENT_TARGET = 10.3;
				MTL_ENABLE_DEBUG_INFO = YES;
				ONLY_ACTIVE_ARCH = YES;
				SDKROOT = iphoneos;
				SWIFT_ACTIVE_COMPILATION_CONDITIONS = DEBUG;
				SWIFT_OPTIMIZATION_LEVEL = "-Onone";
			};
			name = Debug;
		};
		51641A8A1E9778D10061C04B /* Release */ = {
			isa = XCBuildConfiguration;
			buildSettings = {
				ALWAYS_SEARCH_USER_PATHS = NO;
				CLANG_ANALYZER_NONNULL = YES;
				CLANG_ANALYZER_NUMBER_OBJECT_CONVERSION = YES_AGGRESSIVE;
				CLANG_CXX_LANGUAGE_STANDARD = "gnu++0x";
				CLANG_CXX_LIBRARY = "libc++";
				CLANG_ENABLE_MODULES = YES;
				CLANG_ENABLE_OBJC_ARC = YES;
				CLANG_WARN_BOOL_CONVERSION = YES;
				CLANG_WARN_CONSTANT_CONVERSION = YES;
				CLANG_WARN_DIRECT_OBJC_ISA_USAGE = YES_ERROR;
				CLANG_WARN_DOCUMENTATION_COMMENTS = YES;
				CLANG_WARN_EMPTY_BODY = YES;
				CLANG_WARN_ENUM_CONVERSION = YES;
				CLANG_WARN_INFINITE_RECURSION = YES;
				CLANG_WARN_INT_CONVERSION = YES;
				CLANG_WARN_OBJC_ROOT_CLASS = YES_ERROR;
				CLANG_WARN_SUSPICIOUS_MOVE = YES;
				CLANG_WARN_UNREACHABLE_CODE = YES;
				CLANG_WARN__DUPLICATE_METHOD_MATCH = YES;
				"CODE_SIGN_IDENTITY[sdk=iphoneos*]" = "iPhone Developer";
				COPY_PHASE_STRIP = NO;
				DEBUG_INFORMATION_FORMAT = "dwarf-with-dsym";
				ENABLE_NS_ASSERTIONS = NO;
				ENABLE_STRICT_OBJC_MSGSEND = YES;
				GCC_C_LANGUAGE_STANDARD = gnu99;
				GCC_NO_COMMON_BLOCKS = YES;
				GCC_WARN_64_TO_32_BIT_CONVERSION = YES;
				GCC_WARN_ABOUT_RETURN_TYPE = YES_ERROR;
				GCC_WARN_UNDECLARED_SELECTOR = YES;
				GCC_WARN_UNINITIALIZED_AUTOS = YES_AGGRESSIVE;
				GCC_WARN_UNUSED_FUNCTION = YES;
				GCC_WARN_UNUSED_VARIABLE = YES;
				IPHONEOS_DEPLOYMENT_TARGET = 10.3;
				MTL_ENABLE_DEBUG_INFO = NO;
				SDKROOT = iphoneos;
				SWIFT_OPTIMIZATION_LEVEL = "-Owholemodule";
				VALIDATE_PRODUCT = YES;
			};
			name = Release;
		};
		51641A8C1E9778D10061C04B /* Debug */ = {
			isa = XCBuildConfiguration;
			buildSettings = {
				ASSETCATALOG_COMPILER_APPICON_NAME = AppIcon;
				DEVELOPMENT_TEAM = XPY4SPXRZE;
				INFOPLIST_FILE = GLplayground/Info.plist;
				LD_RUNPATH_SEARCH_PATHS = "$(inherited) @executable_path/Frameworks";
				PRODUCT_BUNDLE_IDENTIFIER = com.terna.GLplayground;
				PRODUCT_NAME = "$(TARGET_NAME)";
				SWIFT_VERSION = 3.0;
			};
			name = Debug;
		};
		51641A8D1E9778D10061C04B /* Release */ = {
			isa = XCBuildConfiguration;
			buildSettings = {
				ASSETCATALOG_COMPILER_APPICON_NAME = AppIcon;
				DEVELOPMENT_TEAM = XPY4SPXRZE;
				INFOPLIST_FILE = GLplayground/Info.plist;
				LD_RUNPATH_SEARCH_PATHS = "$(inherited) @executable_path/Frameworks";
				PRODUCT_BUNDLE_IDENTIFIER = com.terna.GLplayground;
				PRODUCT_NAME = "$(TARGET_NAME)";
				SWIFT_VERSION = 3.0;
			};
			name = Release;
		};
/* End XCBuildConfiguration section */

/* Begin XCConfigurationList section */
		51641A721E9778D10061C04B /* Build configuration list for PBXProject "GLplayground" */ = {
			isa = XCConfigurationList;
			buildConfigurations = (
				51641A891E9778D10061C04B /* Debug */,
				51641A8A1E9778D10061C04B /* Release */,
			);
			defaultConfigurationIsVisible = 0;
			defaultConfigurationName = Release;
		};
		51641A8B1E9778D10061C04B /* Build configuration list for PBXNativeTarget "GLplayground" */ = {
			isa = XCConfigurationList;
			buildConfigurations = (
				51641A8C1E9778D10061C04B /* Debug */,
				51641A8D1E9778D10061C04B /* Release */,
			);
			defaultConfigurationIsVisible = 0;
			defaultConfigurationName = Release;
		};
/* End XCConfigurationList section */
	};
	rootObject = 51641A6F1E9778D10061C04B /* Project object */;
}
